
Microsoft Visual Studio Solution File, Format Version 12.00
# Visual Studio Version 17
VisualStudioVersion = 17.7.34221.43
MinimumVisualStudioVersion = 10.0.40219.1
Project("{FAE04EC0-301F-11D3-BF4B-00C04F79EFBC}") = "Lab-5", "Lab-5.csproj", "{BE8A2C70-92F0-463F-8E1D-CDBBD96BF1F4}"
EndProject
Project("{FAE04EC0-301F-11D3-BF4B-00C04F79EFBC}") = "ParsingLibrary", "..\ParsingLibrary\ParsingLibrary.csproj", "{02A2454B-018C-4972-BA7A-C313BE58A3B5}"
EndProject
Project("{FAE04EC0-301F-11D3-BF4B-00C04F79EFBC}") = "ParsingTests", "..\ParsingTests\ParsingTests.csproj", "{3E02207A-DC7F-4396-AE38-4589E2038E4D}"
EndProject
Global
	GlobalSection(SolutionConfigurationPlatforms) = preSolution
		Debug|Any CPU = Debug|Any CPU
		Release|Any CPU = Release|Any CPU
	EndGlobalSection
	GlobalSection(ProjectConfigurationPlatforms) = postSolution
		{BE8A2C70-92F0-463F-8E1D-CDBBD96BF1F4}.Debug|Any CPU.ActiveCfg = Debug|Any CPU
		{BE8A2C70-92F0-463F-8E1D-CDBBD96BF1F4}.Debug|Any CPU.Build.0 = Debug|Any CPU
		{BE8A2C70-92F0-463F-8E1D-CDBBD96BF1F4}.Release|Any CPU.ActiveCfg = Release|Any CPU
		{BE8A2C70-92F0-463F-8E1D-CDBBD96BF1F4}.Release|Any CPU.Build.0 = Release|Any CPU
		{02A2454B-018C-4972-BA7A-C313BE58A3B5}.Debug|Any CPU.ActiveCfg = Debug|Any CPU
		{02A2454B-018C-4972-BA7A-C313BE58A3B5}.Debug|Any CPU.Build.0 = Debug|Any CPU
		{02A2454B-018C-4972-BA7A-C313BE58A3B5}.Release|Any CPU.ActiveCfg = Release|Any CPU
		{02A2454B-018C-4972-BA7A-C313BE58A3B5}.Release|Any CPU.Build.0 = Release|Any CPU
		{3E02207A-DC7F-4396-AE38-4589E2038E4D}.Debug|Any CPU.ActiveCfg = Debug|Any CPU
		{3E02207A-DC7F-4396-AE38-4589E2038E4D}.Debug|Any CPU.Build.0 = Debug|Any CPU
		{3E02207A-DC7F-4396-AE38-4589E2038E4D}.Release|Any CPU.ActiveCfg = Release|Any CPU
		{3E02207A-DC7F-4396-AE38-4589E2038E4D}.Release|Any CPU.Build.0 = Release|Any CPU
	EndGlobalSection
	GlobalSection(SolutionProperties) = preSolution
		HideSolutionNode = FALSE
	EndGlobalSection
	GlobalSection(ExtensibilityGlobals) = postSolution
		SolutionGuid = {8F8BAC47-3036-4838-9086-F7CE325B9C99}
	EndGlobalSection
EndGlobal
